
Microsoft Visual Studio Solution File, Format Version 12.00
# Visual Studio Version 17
VisualStudioVersion = 17.11.35312.102
MinimumVisualStudioVersion = 10.0.40219.1
Project("{FAE04EC0-301F-11D3-BF4B-00C04F79EFBC}") = "DisasmSharp", "DisasmSharp\DisasmSharp.csproj", "{6F0D20BD-9FD9-4865-93B5-8308C6CBF387}"
EndProject
Global
	GlobalSection(SolutionConfigurationPlatforms) = preSolution
		Debug|Any CPU = Debug|Any CPU
		Release|Any CPU = Release|Any CPU
	EndGlobalSection
	GlobalSection(ProjectConfigurationPlatforms) = postSolution
		{6F0D20BD-9FD9-4865-93B5-8308C6CBF387}.Debug|Any CPU.ActiveCfg = Debug|Any CPU
		{6F0D20BD-9FD9-4865-93B5-8308C6CBF387}.Debug|Any CPU.Build.0 = Debug|Any CPU
		{6F0D20BD-9FD9-4865-93B5-8308C6CBF387}.Release|Any CPU.ActiveCfg = Release|Any CPU
		{6F0D20BD-9FD9-4865-93B5-8308C6CBF387}.Release|Any CPU.Build.0 = Release|Any CPU
	EndGlobalSection
	GlobalSection(SolutionProperties) = preSolution
		HideSolutionNode = FALSE
	EndGlobalSection
	GlobalSection(ExtensibilityGlobals) = postSolution
		SolutionGuid = {DC27C198-4DFF-43A9-ADCD-4C48021216DF}
	EndGlobalSection
EndGlobal
